{
  "name": "srtrenamer",
  "version": "1.2.0",
  "lockfileVersion": 1,
  "dependencies": {
    "async": {
      "version": "2.4.1",
      "resolved": "https://registry.npmjs.org/async/-/async-2.4.1.tgz",
      "integrity": "sha1-YqVrJ5yYoR0JhwlqAcw+6463u9c="
    },
    "debug": {
      "version": "2.6.8",
      "resolved": "https://registry.npmjs.org/debug/-/debug-2.6.8.tgz",
      "integrity": "sha1-5zFTHKLt4n0YgiJCfaF4IdaP9Pw="
    },
    "electron-squirrel-startup": {
      "version": "1.0.0",
      "resolved": "https://registry.npmjs.org/electron-squirrel-startup/-/electron-squirrel-startup-1.0.0.tgz",
      "integrity": "sha1-GbTlWTP6Dvj1VnhLnGYPdyVGoLg="
    },
    "episode-parser": {
      "version": "1.2.0",
      "resolved": "https://registry.npmjs.org/episode-parser/-/episode-parser-1.2.0.tgz",
      "integrity": "sha1-hjVUM+k+SerYsgM1Qtha9uUpQdQ="
    },
    "lodash": {
      "version": "4.17.4",
      "resolved": "https://registry.npmjs.org/lodash/-/lodash-4.17.4.tgz",
      "integrity": "sha1-eCA6TRwyiuHYbcpkYONptX9AVa4="
    },
    "ms": {
      "version": "2.0.0",
      "resolved": "https://registry.npmjs.org/ms/-/ms-2.0.0.tgz",
      "integrity": "sha1-VgiurfwAvmwpAd9fmGF4jeDVl8g="
    }
  }
}
